PODS:
  - HISwiftExtensions (0.6.0)
  - Nimble (5.0.0)
  - Quick (0.9.3)

DEPENDENCIES:
  - HISwiftExtensions (from `../`)
  - Nimble (from `https://github.com/Quick/Nimble`)
  - Quick (from `https://github.com/Quick/Quick`, branch `swift-3.0`)

EXTERNAL SOURCES:
  HISwiftExtensions:
    :path: "../"
  Nimble:
    :git: https://github.com/Quick/Nimble
  Quick:
    :branch: swift-3.0
    :git: https://github.com/Quick/Quick

CHECKOUT OPTIONS:
  Nimble:
    :commit: 0209419661b6acceff45cd63984596f2e9eea517
    :git: https://github.com/Quick/Nimble
  Quick:
    :commit: 36ebbc75e093c7553a5145ed5dd21484364cd78d
    :git: https://github.com/Quick/Quick

SPEC CHECKSUMS:
  HISwiftExtensions: 0fd7ad4d8875bc449497507da12c216c40cb6a54
  Nimble: 56fc9f5020effa2206de22c3dd910f4fb011b92f
  Quick: 31fb576b6cbb6b028cc5e0016e4366accbb346f5

PODFILE CHECKSUM: 8f6564f5dfce421e4cf437aeeb9a2656106ccc73

COCOAPODS: 1.1.0.rc.2
