PODS:
  - HISwiftExtensions (0.5.0)

DEPENDENCIES:
  - HISwiftExtensions (from `../`)

EXTERNAL SOURCES:
  HISwiftExtensions:
    :path: "../"

SPEC CHECKSUMS:
  HISwiftExtensions: 06757c86bacddbfca3fd37a9a88cd0171f3d22e8

PODFILE CHECKSUM: d6b2c601f6c2c7f5fb5e71f12d3640b69e0c6069

COCOAPODS: 1.0.1
