// !$*UTF8*$!
{
	archiveVersion = 1;
	classes = {
	};
	objectVersion = 46;
	objects = {

/* Begin PBXBuildFile section */
		C9312AA81D9109FD00F3F7E2 /* HISwiftExtensions_Tests.swift in Sources */ = {isa = PBXBuildFile; fileRef = C9312AA71D9109FD00F3F7E2 /* HISwiftExtensions_Tests.swift */; };
		C9312AAD1D910A0B00F3F7E2 /* ArrayTests.swift in Sources */ = {isa = PBXBuildFile; fileRef = 607FACEB1AFB9204008FA782 /* ArrayTests.swift */; };
		C9312AAE1D910A0B00F3F7E2 /* DictionaryTests.swift in Sources */ = {isa = PBXBuildFile; fileRef = 34CEF7751C2E99B90085BD57 /* DictionaryTests.swift */; };
		C9312AAF1D910A0B00F3F7E2 /* IntTests.swift in Sources */ = {isa = PBXBuildFile; fileRef = 34CEF7771C2E9B850085BD57 /* IntTests.swift */; };
		C9312AB01D910A0B00F3F7E2 /* StringTests.swift in Sources */ = {isa = PBXBuildFile; fileRef = 34CEF77D1C2FA2780085BD57 /* StringTests.swift */; };
		C9312AB11D910A0B00F3F7E2 /* NSAttributedStringTests.swift in Sources */ = {isa = PBXBuildFile; fileRef = 34CEF7791C2E9D3B0085BD57 /* NSAttributedStringTests.swift */; };
		C9312AB21D910A0B00F3F7E2 /* NSDataTests.swift in Sources */ = {isa = PBXBuildFile; fileRef = 34CEF77B1C2EA5050085BD57 /* NSDataTests.swift */; };
		C9312AB31D910A0B00F3F7E2 /* NSDateTests.swift in Sources */ = {isa = PBXBuildFile; fileRef = 34CEF77F1C2FE37F0085BD57 /* NSDateTests.swift */; };
		C9312AB41D910A0B00F3F7E2 /* NSURLTests.swift in Sources */ = {isa = PBXBuildFile; fileRef = 34AB592C1C32266F00148596 /* NSURLTests.swift */; };
		C9312AB51D910A0B00F3F7E2 /* SequenceTypeTests.swift in Sources */ = {isa = PBXBuildFile; fileRef = 343DECC81C3238F0001E667F /* SequenceTypeTests.swift */; };
		C9312AB61D910A0B00F3F7E2 /* RawRepresentableTests.swift in Sources */ = {isa = PBXBuildFile; fileRef = 343272D41C34D43200F43993 /* RawRepresentableTests.swift */; };
		C9312AB71D910A0B00F3F7E2 /* UIViewControllerTests.swift in Sources */ = {isa = PBXBuildFile; fileRef = 343272D61C34D7F400F43993 /* UIViewControllerTests.swift */; };
		CCD70BED0EE392705D9514C5 /* Pods_HISwiftExtensions_Tests.framework in Frameworks */ = {isa = PBXBuildFile; fileRef = 66B8028E0A1E98152DBD25DB /* Pods_HISwiftExtensions_Tests.framework */; };
/* End PBXBuildFile section */

/* Begin PBXFileReference section */
		343272D41C34D43200F43993 /* RawRepresentableTests.swift */ = {isa = PBXFileReference; fileEncoding = 4; lastKnownFileType = sourcecode.swift; path = RawRepresentableTests.swift; sourceTree = "<group>"; };
		343272D61C34D7F400F43993 /* UIViewControllerTests.swift */ = {isa = PBXFileReference; fileEncoding = 4; lastKnownFileType = sourcecode.swift; path = UIViewControllerTests.swift; sourceTree = "<group>"; };
		343DECC81C3238F0001E667F /* SequenceTypeTests.swift */ = {isa = PBXFileReference; fileEncoding = 4; lastKnownFileType = sourcecode.swift; path = SequenceTypeTests.swift; sourceTree = "<group>"; };
		34AB592C1C32266F00148596 /* NSURLTests.swift */ = {isa = PBXFileReference; fileEncoding = 4; lastKnownFileType = sourcecode.swift; path = NSURLTests.swift; sourceTree = "<group>"; };
		34CEF7751C2E99B90085BD57 /* DictionaryTests.swift */ = {isa = PBXFileReference; fileEncoding = 4; lastKnownFileType = sourcecode.swift; path = DictionaryTests.swift; sourceTree = "<group>"; };
		34CEF7771C2E9B850085BD57 /* IntTests.swift */ = {isa = PBXFileReference; fileEncoding = 4; lastKnownFileType = sourcecode.swift; path = IntTests.swift; sourceTree = "<group>"; };
		34CEF7791C2E9D3B0085BD57 /* NSAttributedStringTests.swift */ = {isa = PBXFileReference; fileEncoding = 4; lastKnownFileType = sourcecode.swift; path = NSAttributedStringTests.swift; sourceTree = "<group>"; };
		34CEF77B1C2EA5050085BD57 /* NSDataTests.swift */ = {isa = PBXFileReference; fileEncoding = 4; lastKnownFileType = sourcecode.swift; path = NSDataTests.swift; sourceTree = "<group>"; };
		34CEF77D1C2FA2780085BD57 /* StringTests.swift */ = {isa = PBXFileReference; fileEncoding = 4; lastKnownFileType = sourcecode.swift; path = StringTests.swift; sourceTree = "<group>"; };
		34CEF77F1C2FE37F0085BD57 /* NSDateTests.swift */ = {isa = PBXFileReference; fileEncoding = 4; lastKnownFileType = sourcecode.swift; path = NSDateTests.swift; sourceTree = "<group>"; };
		607FACEA1AFB9204008FA782 /* Info.plist */ = {isa = PBXFileReference; lastKnownFileType = text.plist.xml; path = Info.plist; sourceTree = "<group>"; };
		607FACEB1AFB9204008FA782 /* ArrayTests.swift */ = {isa = PBXFileReference; lastKnownFileType = sourcecode.swift; path = ArrayTests.swift; sourceTree = "<group>"; };
		66B8028E0A1E98152DBD25DB /* Pods_HISwiftExtensions_Tests.framework */ = {isa = PBXFileReference; explicitFileType = wrapper.framework; includeInIndex = 0; path = Pods_HISwiftExtensions_Tests.framework; sourceTree = BUILT_PRODUCTS_DIR; };
		6F426D2460A359DF00533710 /* README.md */ = {isa = PBXFileReference; includeInIndex = 1; lastKnownFileType = net.daringfireball.markdown; name = README.md; path = ../README.md; sourceTree = "<group>"; };
		768A08C2819022FA19CF8C4E /* LICENSE */ = {isa = PBXFileReference; includeInIndex = 1; lastKnownFileType = text; name = LICENSE; path = ../LICENSE; sourceTree = "<group>"; };
		9C718429639AC9FDB38A1234 /* HISwiftExtensions.podspec */ = {isa = PBXFileReference; includeInIndex = 1; lastKnownFileType = text; name = HISwiftExtensions.podspec; path = ../HISwiftExtensions.podspec; sourceTree = "<group>"; };
		C9312AA51D9109FD00F3F7E2 /* HISwiftExtensions_Tests.xctest */ = {isa = PBXFileReference; explicitFileType = wrapper.cfbundle; includeInIndex = 0; path = HISwiftExtensions_Tests.xctest; sourceTree = BUILT_PRODUCTS_DIR; };
		C9312AA71D9109FD00F3F7E2 /* HISwiftExtensions_Tests.swift */ = {isa = PBXFileReference; lastKnownFileType = sourcecode.swift; path = HISwiftExtensions_Tests.swift; sourceTree = "<group>"; };
		C9312AA91D9109FD00F3F7E2 /* Info.plist */ = {isa = PBXFileReference; lastKnownFileType = text.plist.xml; path = Info.plist; sourceTree = "<group>"; };
		D0C634D6E912420E1754B746 /* Pods-HISwiftExtensions_Tests.debug.xcconfig */ = {isa = PBXFileReference; includeInIndex = 1; lastKnownFileType = text.xcconfig; name = "Pods-HISwiftExtensions_Tests.debug.xcconfig"; path = "Pods/Target Support Files/Pods-HISwiftExtensions_Tests/Pods-HISwiftExtensions_Tests.debug.xcconfig"; sourceTree = "<group>"; };
		E13E58677365A8D1918EE1A8 /* Pods-HISwiftExtensions_Tests.release.xcconfig */ = {isa = PBXFileReference; includeInIndex = 1; lastKnownFileType = text.xcconfig; name = "Pods-HISwiftExtensions_Tests.release.xcconfig"; path = "Pods/Target Support Files/Pods-HISwiftExtensions_Tests/Pods-HISwiftExtensions_Tests.release.xcconfig"; sourceTree = "<group>"; };
/* End PBXFileReference section */

/* Begin PBXFrameworksBuildPhase section */
		C9312AA21D9109FD00F3F7E2 /* Frameworks */ = {
			isa = PBXFrameworksBuildPhase;
			buildActionMask = 2147483647;
			files = (
				CCD70BED0EE392705D9514C5 /* Pods_HISwiftExtensions_Tests.framework in Frameworks */,
			);
			runOnlyForDeploymentPostprocessing = 0;
		};
/* End PBXFrameworksBuildPhase section */

/* Begin PBXGroup section */
		607FACC71AFB9204008FA782 = {
			isa = PBXGroup;
			children = (
				607FACF51AFB993E008FA782 /* Podspec Metadata */,
				607FACE81AFB9204008FA782 /* Tests */,
				C9312AA61D9109FD00F3F7E2 /* HISwiftExtensions_Tests */,
				607FACD11AFB9204008FA782 /* Products */,
				AA75FD568A05A97934D26645 /* Pods */,
				806C07D920EB27A518F61823 /* Frameworks */,
			);
			sourceTree = "<group>";
		};
		607FACD11AFB9204008FA782 /* Products */ = {
			isa = PBXGroup;
			children = (
				C9312AA51D9109FD00F3F7E2 /* HISwiftExtensions_Tests.xctest */,
			);
			name = Products;
			sourceTree = "<group>";
		};
		607FACE81AFB9204008FA782 /* Tests */ = {
			isa = PBXGroup;
			children = (
				607FACEB1AFB9204008FA782 /* ArrayTests.swift */,
				34CEF7751C2E99B90085BD57 /* DictionaryTests.swift */,
				34CEF7771C2E9B850085BD57 /* IntTests.swift */,
				34CEF77D1C2FA2780085BD57 /* StringTests.swift */,
				34CEF7791C2E9D3B0085BD57 /* NSAttributedStringTests.swift */,
				34CEF77B1C2EA5050085BD57 /* NSDataTests.swift */,
				34CEF77F1C2FE37F0085BD57 /* NSDateTests.swift */,
				34AB592C1C32266F00148596 /* NSURLTests.swift */,
				343DECC81C3238F0001E667F /* SequenceTypeTests.swift */,
				343272D41C34D43200F43993 /* RawRepresentableTests.swift */,
				343272D61C34D7F400F43993 /* UIViewControllerTests.swift */,
				607FACE91AFB9204008FA782 /* Supporting Files */,
			);
			path = Tests;
			sourceTree = "<group>";
		};
		607FACE91AFB9204008FA782 /* Supporting Files */ = {
			isa = PBXGroup;
			children = (
				607FACEA1AFB9204008FA782 /* Info.plist */,
			);
			name = "Supporting Files";
			sourceTree = "<group>";
		};
		607FACF51AFB993E008FA782 /* Podspec Metadata */ = {
			isa = PBXGroup;
			children = (
				9C718429639AC9FDB38A1234 /* HISwiftExtensions.podspec */,
				6F426D2460A359DF00533710 /* README.md */,
				768A08C2819022FA19CF8C4E /* LICENSE */,
			);
			name = "Podspec Metadata";
			sourceTree = "<group>";
		};
		806C07D920EB27A518F61823 /* Frameworks */ = {
			isa = PBXGroup;
			children = (
				66B8028E0A1E98152DBD25DB /* Pods_HISwiftExtensions_Tests.framework */,
			);
			name = Frameworks;
			sourceTree = "<group>";
		};
		AA75FD568A05A97934D26645 /* Pods */ = {
			isa = PBXGroup;
			children = (
				D0C634D6E912420E1754B746 /* Pods-HISwiftExtensions_Tests.debug.xcconfig */,
				E13E58677365A8D1918EE1A8 /* Pods-HISwiftExtensions_Tests.release.xcconfig */,
			);
			name = Pods;
			sourceTree = "<group>";
		};
		C9312AA61D9109FD00F3F7E2 /* HISwiftExtensions_Tests */ = {
			isa = PBXGroup;
			children = (
				C9312AA71D9109FD00F3F7E2 /* HISwiftExtensions_Tests.swift */,
				C9312AA91D9109FD00F3F7E2 /* Info.plist */,
			);
			path = HISwiftExtensions_Tests;
			sourceTree = "<group>";
		};
/* End PBXGroup section */

/* Begin PBXNativeTarget section */
		C9312AA41D9109FD00F3F7E2 /* HISwiftExtensions_Tests */ = {
			isa = PBXNativeTarget;
			buildConfigurationList = C9312AAC1D9109FD00F3F7E2 /* Build configuration list for PBXNativeTarget "HISwiftExtensions_Tests" */;
			buildPhases = (
				D1803BA625D1B708059B2566 /* [CP] Check Pods Manifest.lock */,
				C9312AA11D9109FD00F3F7E2 /* Sources */,
				C9312AA21D9109FD00F3F7E2 /* Frameworks */,
				C9312AA31D9109FD00F3F7E2 /* Resources */,
				45BF9EF0C7036A53CBBE0131 /* [CP] Embed Pods Frameworks */,
				9483C91280D7F6FACB635C06 /* [CP] Copy Pods Resources */,
			);
			buildRules = (
			);
			dependencies = (
			);
			name = HISwiftExtensions_Tests;
			productName = HISwiftExtensions_Tests;
			productReference = C9312AA51D9109FD00F3F7E2 /* HISwiftExtensions_Tests.xctest */;
			productType = "com.apple.product-type.bundle.unit-test";
		};
/* End PBXNativeTarget section */

/* Begin PBXProject section */
		607FACC81AFB9204008FA782 /* Project object */ = {
			isa = PBXProject;
			attributes = {
				LastSwiftUpdateCheck = 0800;
				LastUpgradeCheck = 0800;
				ORGANIZATIONNAME = CocoaPods;
				TargetAttributes = {
					C9312AA41D9109FD00F3F7E2 = {
						CreatedOnToolsVersion = 8.0;
						DevelopmentTeam = JVFRD87SUA;
						LastSwiftMigration = 0800;
						ProvisioningStyle = Automatic;
					};
				};
			};
			buildConfigurationList = 607FACCB1AFB9204008FA782 /* Build configuration list for PBXProject "HISwiftExtensions" */;
			compatibilityVersion = "Xcode 3.2";
			developmentRegion = English;
			hasScannedForEncodings = 0;
			knownRegions = (
				en,
				Base,
			);
			mainGroup = 607FACC71AFB9204008FA782;
			productRefGroup = 607FACD11AFB9204008FA782 /* Products */;
			projectDirPath = "";
			projectRoot = "";
			targets = (
				C9312AA41D9109FD00F3F7E2 /* HISwiftExtensions_Tests */,
			);
		};
/* End PBXProject section */

/* Begin PBXResourcesBuildPhase section */
		C9312AA31D9109FD00F3F7E2 /* Resources */ = {
			isa = PBXResourcesBuildPhase;
			buildActionMask = 2147483647;
			files = (
			);
			runOnlyForDeploymentPostprocessing = 0;
		};
/* End PBXResourcesBuildPhase section */

/* Begin PBXShellScriptBuildPhase section */
		45BF9EF0C7036A53CBBE0131 /* [CP] Embed Pods Frameworks */ = {
			isa = PBXShellScriptBuildPhase;
			buildActionMask = 2147483647;
			files = (
			);
			inputPaths = (
			);
			name = "[CP] Embed Pods Frameworks";
			outputPaths = (
			);
			runOnlyForDeploymentPostprocessing = 0;
			shellPath = /bin/sh;
			shellScript = "\"${SRCROOT}/Pods/Target Support Files/Pods-HISwiftExtensions_Tests/Pods-HISwiftExtensions_Tests-frameworks.sh\"\n";
			showEnvVarsInLog = 0;
		};
		9483C91280D7F6FACB635C06 /* [CP] Copy Pods Resources */ = {
			isa = PBXShellScriptBuildPhase;
			buildActionMask = 2147483647;
			files = (
			);
			inputPaths = (
			);
			name = "[CP] Copy Pods Resources";
			outputPaths = (
			);
			runOnlyForDeploymentPostprocessing = 0;
			shellPath = /bin/sh;
			shellScript = "\"${SRCROOT}/Pods/Target Support Files/Pods-HISwiftExtensions_Tests/Pods-HISwiftExtensions_Tests-resources.sh\"\n";
			showEnvVarsInLog = 0;
		};
		D1803BA625D1B708059B2566 /* [CP] Check Pods Manifest.lock */ = {
			isa = PBXShellScriptBuildPhase;
			buildActionMask = 2147483647;
			files = (
			);
			inputPaths = (
			);
			name = "[CP] Check Pods Manifest.lock";
			outputPaths = (
			);
			runOnlyForDeploymentPostprocessing = 0;
			shellPath = /bin/sh;
			shellScript = "diff \"${PODS_ROOT}/../Podfile.lock\" \"${PODS_ROOT}/Manifest.lock\" > /dev/null\nif [ $? != 0 ] ; then\n    # print error to STDERR\n    echo \"error: The sandbox is not in sync with the Podfile.lock. Run 'pod install' or update your CocoaPods installation.\" >&2\n    exit 1\nfi\n";
			showEnvVarsInLog = 0;
		};
/* End PBXShellScriptBuildPhase section */

/* Begin PBXSourcesBuildPhase section */
		C9312AA11D9109FD00F3F7E2 /* Sources */ = {
			isa = PBXSourcesBuildPhase;
			buildActionMask = 2147483647;
			files = (
				C9312AB51D910A0B00F3F7E2 /* SequenceTypeTests.swift in Sources */,
				C9312AB61D910A0B00F3F7E2 /* RawRepresentableTests.swift in Sources */,
				C9312AB71D910A0B00F3F7E2 /* UIViewControllerTests.swift in Sources */,
				C9312AA81D9109FD00F3F7E2 /* HISwiftExtensions_Tests.swift in Sources */,
				C9312AB21D910A0B00F3F7E2 /* NSDataTests.swift in Sources */,
				C9312AB01D910A0B00F3F7E2 /* StringTests.swift in Sources */,
				C9312AAD1D910A0B00F3F7E2 /* ArrayTests.swift in Sources */,
				C9312AAE1D910A0B00F3F7E2 /* DictionaryTests.swift in Sources */,
				C9312AB41D910A0B00F3F7E2 /* NSURLTests.swift in Sources */,
				C9312AAF1D910A0B00F3F7E2 /* IntTests.swift in Sources */,
				C9312AB31D910A0B00F3F7E2 /* NSDateTests.swift in Sources */,
				C9312AB11D910A0B00F3F7E2 /* NSAttributedStringTests.swift in Sources */,
			);
			runOnlyForDeploymentPostprocessing = 0;
		};
/* End PBXSourcesBuildPhase section */

/* Begin XCBuildConfiguration section */
		607FACED1AFB9204008FA782 /* Debug */ = {
			isa = XCBuildConfiguration;
			buildSettings = {
				ALWAYS_SEARCH_USER_PATHS = NO;
				CLANG_CXX_LANGUAGE_STANDARD = "gnu++0x";
				CLANG_CXX_LIBRARY = "libc++";
				CLANG_ENABLE_MODULES = YES;
				CLANG_ENABLE_OBJC_ARC = YES;
				CLANG_WARN_BOOL_CONVERSION = YES;
				CLANG_WARN_CONSTANT_CONVERSION = YES;
				CLANG_WARN_DIRECT_OBJC_ISA_USAGE = YES_ERROR;
				CLANG_WARN_EMPTY_BODY = YES;
				CLANG_WARN_ENUM_CONVERSION = YES;
				CLANG_WARN_INFINITE_RECURSION = YES;
				CLANG_WARN_INT_CONVERSION = YES;
				CLANG_WARN_OBJC_ROOT_CLASS = YES_ERROR;
				CLANG_WARN_SUSPICIOUS_MOVE = YES;
				CLANG_WARN_UNREACHABLE_CODE = YES;
				CLANG_WARN__DUPLICATE_METHOD_MATCH = YES;
				"CODE_SIGN_IDENTITY[sdk=iphoneos*]" = "iPhone Developer";
				COPY_PHASE_STRIP = NO;
				DEBUG_INFORMATION_FORMAT = "dwarf-with-dsym";
				DEVELOPMENT_TEAM = F3FBD7Y97H;
				ENABLE_STRICT_OBJC_MSGSEND = YES;
				ENABLE_TESTABILITY = YES;
				GCC_C_LANGUAGE_STANDARD = gnu99;
				GCC_DYNAMIC_NO_PIC = NO;
				GCC_NO_COMMON_BLOCKS = YES;
				GCC_OPTIMIZATION_LEVEL = 0;
				GCC_PREPROCESSOR_DEFINITIONS = (
					"DEBUG=1",
					"$(inherited)",
				);
				GCC_SYMBOLS_PRIVATE_EXTERN = NO;
				GCC_WARN_64_TO_32_BIT_CONVERSION = YES;
				GCC_WARN_ABOUT_RETURN_TYPE = YES_ERROR;
				GCC_WARN_UNDECLARED_SELECTOR = YES;
				GCC_WARN_UNINITIALIZED_AUTOS = YES_AGGRESSIVE;
				GCC_WARN_UNUSED_FUNCTION = YES;
				GCC_WARN_UNUSED_VARIABLE = YES;
				IPHONEOS_DEPLOYMENT_TARGET = 8.3;
				MTL_ENABLE_DEBUG_INFO = YES;
				ONLY_ACTIVE_ARCH = YES;
				SDKROOT = iphoneos;
				SWIFT_OPTIMIZATION_LEVEL = "-Onone";
			};
			name = Debug;
		};
		607FACEE1AFB9204008FA782 /* Release */ = {
			isa = XCBuildConfiguration;
			buildSettings = {
				ALWAYS_SEARCH_USER_PATHS = NO;
				CLANG_CXX_LANGUAGE_STANDARD = "gnu++0x";
				CLANG_CXX_LIBRARY = "libc++";
				CLANG_ENABLE_MODULES = YES;
				CLANG_ENABLE_OBJC_ARC = YES;
				CLANG_WARN_BOOL_CONVERSION = YES;
				CLANG_WARN_CONSTANT_CONVERSION = YES;
				CLANG_WARN_DIRECT_OBJC_ISA_USAGE = YES_ERROR;
				CLANG_WARN_EMPTY_BODY = YES;
				CLANG_WARN_ENUM_CONVERSION = YES;
				CLANG_WARN_INFINITE_RECURSION = YES;
				CLANG_WARN_INT_CONVERSION = YES;
				CLANG_WARN_OBJC_ROOT_CLASS = YES_ERROR;
				CLANG_WARN_SUSPICIOUS_MOVE = YES;
				CLANG_WARN_UNREACHABLE_CODE = YES;
				CLANG_WARN__DUPLICATE_METHOD_MATCH = YES;
				"CODE_SIGN_IDENTITY[sdk=iphoneos*]" = "iPhone Developer";
				COPY_PHASE_STRIP = NO;
				DEBUG_INFORMATION_FORMAT = "dwarf-with-dsym";
				DEVELOPMENT_TEAM = F3FBD7Y97H;
				ENABLE_NS_ASSERTIONS = NO;
				ENABLE_STRICT_OBJC_MSGSEND = YES;
				GCC_C_LANGUAGE_STANDARD = gnu99;
				GCC_NO_COMMON_BLOCKS = YES;
				GCC_WARN_64_TO_32_BIT_CONVERSION = YES;
				GCC_WARN_ABOUT_RETURN_TYPE = YES_ERROR;
				GCC_WARN_UNDECLARED_SELECTOR = YES;
				GCC_WARN_UNINITIALIZED_AUTOS = YES_AGGRESSIVE;
				GCC_WARN_UNUSED_FUNCTION = YES;
				GCC_WARN_UNUSED_VARIABLE = YES;
				IPHONEOS_DEPLOYMENT_TARGET = 8.3;
				MTL_ENABLE_DEBUG_INFO = NO;
				SDKROOT = iphoneos;
				SWIFT_OPTIMIZATION_LEVEL = "-Owholemodule";
				VALIDATE_PRODUCT = YES;
			};
			name = Release;
		};
		C9312AAA1D9109FD00F3F7E2 /* Debug */ = {
			isa = XCBuildConfiguration;
			baseConfigurationReference = D0C634D6E912420E1754B746 /* Pods-HISwiftExtensions_Tests.debug.xcconfig */;
			buildSettings = {
				ALWAYS_EMBED_SWIFT_STANDARD_LIBRARIES = YES;
				CLANG_ANALYZER_NONNULL = YES;
				CLANG_WARN_DOCUMENTATION_COMMENTS = YES;
				CLANG_WARN_SUSPICIOUS_MOVES = YES;
				DEBUG_INFORMATION_FORMAT = dwarf;
				DEVELOPMENT_TEAM = JVFRD87SUA;
				INFOPLIST_FILE = HISwiftExtensions_Tests/Info.plist;
				IPHONEOS_DEPLOYMENT_TARGET = 10.0;
				LD_RUNPATH_SEARCH_PATHS = "$(inherited) @executable_path/Frameworks @loader_path/Frameworks";
				PRODUCT_BUNDLE_IDENTIFIER = "com.hilenium.HISwiftExtensions-Tests";
				PRODUCT_NAME = "$(TARGET_NAME)";
				SWIFT_ACTIVE_COMPILATION_CONDITIONS = DEBUG;
				SWIFT_VERSION = 3.0;
			};
			name = Debug;
		};
		C9312AAB1D9109FD00F3F7E2 /* Release */ = {
			isa = XCBuildConfiguration;
			baseConfigurationReference = E13E58677365A8D1918EE1A8 /* Pods-HISwiftExtensions_Tests.release.xcconfig */;
			buildSettings = {
				ALWAYS_EMBED_SWIFT_STANDARD_LIBRARIES = YES;
				CLANG_ANALYZER_NONNULL = YES;
				CLANG_WARN_DOCUMENTATION_COMMENTS = YES;
				CLANG_WARN_SUSPICIOUS_MOVES = YES;
				DEVELOPMENT_TEAM = JVFRD87SUA;
				INFOPLIST_FILE = HISwiftExtensions_Tests/Info.plist;
				IPHONEOS_DEPLOYMENT_TARGET = 10.0;
				LD_RUNPATH_SEARCH_PATHS = "$(inherited) @executable_path/Frameworks @loader_path/Frameworks";
				PRODUCT_BUNDLE_IDENTIFIER = "com.hilenium.HISwiftExtensions-Tests";
				PRODUCT_NAME = "$(TARGET_NAME)";
				SWIFT_VERSION = 3.0;
			};
			name = Release;
		};
/* End XCBuildConfiguration section */

/* Begin XCConfigurationList section */
		607FACCB1AFB9204008FA782 /* Build configuration list for PBXProject "HISwiftExtensions" */ = {
			isa = XCConfigurationList;
			buildConfigurations = (
				607FACED1AFB9204008FA782 /* Debug */,
				607FACEE1AFB9204008FA782 /* Release */,
			);
			defaultConfigurationIsVisible = 0;
			defaultConfigurationName = Release;
		};
		C9312AAC1D9109FD00F3F7E2 /* Build configuration list for PBXNativeTarget "HISwiftExtensions_Tests" */ = {
			isa = XCConfigurationList;
			buildConfigurations = (
				C9312AAA1D9109FD00F3F7E2 /* Debug */,
				C9312AAB1D9109FD00F3F7E2 /* Release */,
			);
			defaultConfigurationIsVisible = 0;
			defaultConfigurationName = Release;
		};
/* End XCConfigurationList section */
	};
	rootObject = 607FACC81AFB9204008FA782 /* Project object */;
}
